// !$*UTF8*$!
{
	archiveVersion = 1;
	classes = {
	};
	objectVersion = 51;
	objects = {

/* Begin PBXBuildFile section */
		9C2DC0FD8E512E69E4A4DE2A /* Pods_Autobiography.framework in Frameworks */ = {isa = PBXBuildFile; fileRef = EFA198F93A7B14C4DF4A33E6 /* Pods_Autobiography.framework */; };
		F6B723EE263DA95D00259916 /* AppDelegate.swift in Sources */ = {isa = PBXBuildFile; fileRef = F6B723ED263DA95D00259916 /* AppDelegate.swift */; };
		F6B723F0263DA95D00259916 /* SceneDelegate.swift in Sources */ = {isa = PBXBuildFile; fileRef = F6B723EF263DA95D00259916 /* SceneDelegate.swift */; };
		F6B723F2263DA95D00259916 /* DeveloperViewController.swift in Sources */ = {isa = PBXBuildFile; fileRef = F6B723F1263DA95D00259916 /* DeveloperViewController.swift */; };
		F6B723F5263DA95D00259916 /* Main.storyboard in Resources */ = {isa = PBXBuildFile; fileRef = F6B723F3263DA95D00259916 /* Main.storyboard */; };
		F6B723F7263DA95F00259916 /* Assets.xcassets in Resources */ = {isa = PBXBuildFile; fileRef = F6B723F6263DA95F00259916 /* Assets.xcassets */; };
		F6B723FA263DA96000259916 /* LaunchScreen.storyboard in Resources */ = {isa = PBXBuildFile; fileRef = F6B723F8263DA96000259916 /* LaunchScreen.storyboard */; };
		F6E7D10F263FE3F900C544BD /* HobbyViewController.swift in Sources */ = {isa = PBXBuildFile; fileRef = F6E7D10E263FE3F900C544BD /* HobbyViewController.swift */; };
		F6E7D115263FE70100C544BD /* HobbyView.swift in Sources */ = {isa = PBXBuildFile; fileRef = F6E7D114263FE70100C544BD /* HobbyView.swift */; };
		F6E7D118263FEEE000C544BD /* Hobby.swift in Sources */ = {isa = PBXBuildFile; fileRef = F6E7D117263FEEE000C544BD /* Hobby.swift */; };
		F6E8A5BA263DB9AB00A243E8 /* DeveloperInfo.swift in Sources */ = {isa = PBXBuildFile; fileRef = F6E8A5B9263DB9AB00A243E8 /* DeveloperInfo.swift */; };
/* End PBXBuildFile section */

/* Begin PBXFileReference section */
		2E562A2B436E270E91140DF4 /* Pods-Autobiography.debug.xcconfig */ = {isa = PBXFileReference; includeInIndex = 1; lastKnownFileType = text.xcconfig; name = "Pods-Autobiography.debug.xcconfig"; path = "Target Support Files/Pods-Autobiography/Pods-Autobiography.debug.xcconfig"; sourceTree = "<group>"; };
		698BF16F2CDB7C7DF0127185 /* Pods-Autobiography.release.xcconfig */ = {isa = PBXFileReference; includeInIndex = 1; lastKnownFileType = text.xcconfig; name = "Pods-Autobiography.release.xcconfig"; path = "Target Support Files/Pods-Autobiography/Pods-Autobiography.release.xcconfig"; sourceTree = "<group>"; };
		EFA198F93A7B14C4DF4A33E6 /* Pods_Autobiography.framework */ = {isa = PBXFileReference; explicitFileType = wrapper.framework; includeInIndex = 0; path = Pods_Autobiography.framework; sourceTree = BUILT_PRODUCTS_DIR; };
		F6B723EA263DA95D00259916 /* Autobiography.app */ = {isa = PBXFileReference; explicitFileType = wrapper.application; includeInIndex = 0; path = Autobiography.app; sourceTree = BUILT_PRODUCTS_DIR; };
		F6B723ED263DA95D00259916 /* AppDelegate.swift */ = {isa = PBXFileReference; lastKnownFileType = sourcecode.swift; path = AppDelegate.swift; sourceTree = "<group>"; };
		F6B723EF263DA95D00259916 /* SceneDelegate.swift */ = {isa = PBXFileReference; lastKnownFileType = sourcecode.swift; path = SceneDelegate.swift; sourceTree = "<group>"; };
		F6B723F1263DA95D00259916 /* DeveloperViewController.swift */ = {isa = PBXFileReference; lastKnownFileType = sourcecode.swift; path = DeveloperViewController.swift; sourceTree = "<group>"; };
		F6B723F4263DA95D00259916 /* Base */ = {isa = PBXFileReference; lastKnownFileType = file.storyboard; name = Base; path = Base.lproj/Main.storyboard; sourceTree = "<group>"; };
		F6B723F6263DA95F00259916 /* Assets.xcassets */ = {isa = PBXFileReference; lastKnownFileType = folder.assetcatalog; path = Assets.xcassets; sourceTree = "<group>"; };
		F6B723F9263DA96000259916 /* Base */ = {isa = PBXFileReference; lastKnownFileType = file.storyboard; name = Base; path = Base.lproj/LaunchScreen.storyboard; sourceTree = "<group>"; };
		F6B723FB263DA96000259916 /* Info.plist */ = {isa = PBXFileReference; lastKnownFileType = text.plist.xml; path = Info.plist; sourceTree = "<group>"; };
		F6E7D10E263FE3F900C544BD /* HobbyViewController.swift */ = {isa = PBXFileReference; lastKnownFileType = sourcecode.swift; path = HobbyViewController.swift; sourceTree = "<group>"; };
		F6E7D114263FE70100C544BD /* HobbyView.swift */ = {isa = PBXFileReference; lastKnownFileType = sourcecode.swift; path = HobbyView.swift; sourceTree = "<group>"; };
		F6E7D117263FEEE000C544BD /* Hobby.swift */ = {isa = PBXFileReference; lastKnownFileType = sourcecode.swift; path = Hobby.swift; sourceTree = "<group>"; };
		F6E8A5B9263DB9AB00A243E8 /* DeveloperInfo.swift */ = {isa = PBXFileReference; lastKnownFileType = sourcecode.swift; path = DeveloperInfo.swift; sourceTree = "<group>"; };
/* End PBXFileReference section */

/* Begin PBXFrameworksBuildPhase section */
		F6B723E7263DA95D00259916 /* Frameworks */ = {
			isa = PBXFrameworksBuildPhase;
			buildActionMask = 2147483647;
			files = (
				9C2DC0FD8E512E69E4A4DE2A /* Pods_Autobiography.framework in Frameworks */,
			);
			runOnlyForDeploymentPostprocessing = 0;
		};
/* End PBXFrameworksBuildPhase section */

/* Begin PBXGroup section */
		5CBBB4B11C19918AE559F98B /* Frameworks */ = {
			isa = PBXGroup;
			children = (
				EFA198F93A7B14C4DF4A33E6 /* Pods_Autobiography.framework */,
			);
			name = Frameworks;
			sourceTree = "<group>";
		};
		6AB4770009FF7E6DE09CFC6E /* Pods */ = {
			isa = PBXGroup;
			children = (
				2E562A2B436E270E91140DF4 /* Pods-Autobiography.debug.xcconfig */,
				698BF16F2CDB7C7DF0127185 /* Pods-Autobiography.release.xcconfig */,
			);
			path = Pods;
			sourceTree = "<group>";
		};
		F6B723E1263DA95D00259916 = {
			isa = PBXGroup;
			children = (
				F6B723EC263DA95D00259916 /* Autobiography */,
				F6B723EB263DA95D00259916 /* Products */,
				6AB4770009FF7E6DE09CFC6E /* Pods */,
				5CBBB4B11C19918AE559F98B /* Frameworks */,
			);
			sourceTree = "<group>";
		};
		F6B723EB263DA95D00259916 /* Products */ = {
			isa = PBXGroup;
			children = (
				F6B723EA263DA95D00259916 /* Autobiography.app */,
			);
			name = Products;
			sourceTree = "<group>";
		};
		F6B723EC263DA95D00259916 /* Autobiography */ = {
			isa = PBXGroup;
			children = (
				F6E7D112263FE68B00C544BD /* Application */,
				F6E7D111263FE67500C544BD /* Developer */,
				F6E7D113263FE69F00C544BD /* Hobby */,
				F6B723F3263DA95D00259916 /* Main.storyboard */,
				F6B723F6263DA95F00259916 /* Assets.xcassets */,
				F6B723F8263DA96000259916 /* LaunchScreen.storyboard */,
				F6B723FB263DA96000259916 /* Info.plist */,
			);
			path = Autobiography;
			sourceTree = "<group>";
		};
		F6E7D111263FE67500C544BD /* Developer */ = {
			isa = PBXGroup;
			children = (
				F6B723F1263DA95D00259916 /* DeveloperViewController.swift */,
				F6E8A5B9263DB9AB00A243E8 /* DeveloperInfo.swift */,
			);
			path = Developer;
			sourceTree = "<group>";
		};
		F6E7D112263FE68B00C544BD /* Application */ = {
			isa = PBXGroup;
			children = (
				F6B723ED263DA95D00259916 /* AppDelegate.swift */,
				F6B723EF263DA95D00259916 /* SceneDelegate.swift */,
			);
			path = Application;
			sourceTree = "<group>";
		};
		F6E7D113263FE69F00C544BD /* Hobby */ = {
			isa = PBXGroup;
			children = (
				F6E7D10E263FE3F900C544BD /* HobbyViewController.swift */,
				F6E7D114263FE70100C544BD /* HobbyView.swift */,
				F6E7D117263FEEE000C544BD /* Hobby.swift */,
			);
			path = Hobby;
			sourceTree = "<group>";
		};
/* End PBXGroup section */

/* Begin PBXNativeTarget section */
		F6B723E9263DA95D00259916 /* Autobiography */ = {
			isa = PBXNativeTarget;
			buildConfigurationList = F6B723FE263DA96000259916 /* Build configuration list for PBXNativeTarget "Autobiography" */;
			buildPhases = (
				8B7838B52AE5F637BEC0246F /* [CP] Check Pods Manifest.lock */,
				F6B723E6263DA95D00259916 /* Sources */,
				F6B723E7263DA95D00259916 /* Frameworks */,
				F6B723E8263DA95D00259916 /* Resources */,
				1A5BC556A9467629DD70346C /* [CP] Embed Pods Frameworks */,
			);
			buildRules = (
			);
			dependencies = (
			);
			name = Autobiography;
			productName = Autobiography;
			productReference = F6B723EA263DA95D00259916 /* Autobiography.app */;
			productType = "com.apple.product-type.application";
		};
/* End PBXNativeTarget section */

/* Begin PBXProject section */
		F6B723E2263DA95D00259916 /* Project object */ = {
			isa = PBXProject;
			attributes = {
				LastSwiftUpdateCheck = 1240;
				LastUpgradeCheck = 1240;
				TargetAttributes = {
					F6B723E9263DA95D00259916 = {
						CreatedOnToolsVersion = 12.4;
					};
				};
			};
			buildConfigurationList = F6B723E5263DA95D00259916 /* Build configuration list for PBXProject "Autobiography" */;
			compatibilityVersion = "Xcode 9.3";
			developmentRegion = en;
			hasScannedForEncodings = 0;
			knownRegions = (
				en,
				Base,
			);
			mainGroup = F6B723E1263DA95D00259916;
			productRefGroup = F6B723EB263DA95D00259916 /* Products */;
			projectDirPath = "";
			projectRoot = "";
			targets = (
				F6B723E9263DA95D00259916 /* Autobiography */,
			);
		};
/* End PBXProject section */

/* Begin PBXResourcesBuildPhase section */
		F6B723E8263DA95D00259916 /* Resources */ = {
			isa = PBXResourcesBuildPhase;
			buildActionMask = 2147483647;
			files = (
				F6B723FA263DA96000259916 /* LaunchScreen.storyboard in Resources */,
				F6B723F7263DA95F00259916 /* Assets.xcassets in Resources */,
				F6B723F5263DA95D00259916 /* Main.storyboard in Resources */,
			);
			runOnlyForDeploymentPostprocessing = 0;
		};
/* End PBXResourcesBuildPhase section */

/* Begin PBXShellScriptBuildPhase section */
		1A5BC556A9467629DD70346C /* [CP] Embed Pods Frameworks */ = {
			isa = PBXShellScriptBuildPhase;
			buildActionMask = 2147483647;
			files = (
			);
			inputFileListPaths = (
				"${PODS_ROOT}/Target Support Files/Pods-Autobiography/Pods-Autobiography-frameworks-${CONFIGURATION}-input-files.xcfilelist",
			);
			name = "[CP] Embed Pods Frameworks";
			outputFileListPaths = (
				"${PODS_ROOT}/Target Support Files/Pods-Autobiography/Pods-Autobiography-frameworks-${CONFIGURATION}-output-files.xcfilelist",
			);
			runOnlyForDeploymentPostprocessing = 0;
			shellPath = /bin/sh;
			shellScript = "\"${PODS_ROOT}/Target Support Files/Pods-Autobiography/Pods-Autobiography-frameworks.sh\"\n";
			showEnvVarsInLog = 0;
		};
		8B7838B52AE5F637BEC0246F /* [CP] Check Pods Manifest.lock */ = {
			isa = PBXShellScriptBuildPhase;
			buildActionMask = 2147483647;
			files = (
			);
			inputFileListPaths = (
			);
			inputPaths = (
				"${PODS_PODFILE_DIR_PATH}/Podfile.lock",
				"${PODS_ROOT}/Manifest.lock",
			);
			name = "[CP] Check Pods Manifest.lock";
			outputFileListPaths = (
			);
			outputPaths = (
				"$(DERIVED_FILE_DIR)/Pods-Autobiography-checkManifestLockResult.txt",
			);
			runOnlyForDeploymentPostprocessing = 0;
			shellPath = /bin/sh;
			shellScript = "diff \"${PODS_PODFILE_DIR_PATH}/Podfile.lock\" \"${PODS_ROOT}/Manifest.lock\" > /dev/null\nif [ $? != 0 ] ; then\n    # print error to STDERR\n    echo \"error: The sandbox is not in sync with the Podfile.lock. Run 'pod install' or update your CocoaPods installation.\" >&2\n    exit 1\nfi\n# This output is used by Xcode 'outputs' to avoid re-running this script phase.\necho \"SUCCESS\" > \"${SCRIPT_OUTPUT_FILE_0}\"\n";
			showEnvVarsInLog = 0;
		};
/* End PBXShellScriptBuildPhase section */

/* Begin PBXSourcesBuildPhase section */
		F6B723E6263DA95D00259916 /* Sources */ = {
			isa = PBXSourcesBuildPhase;
			buildActionMask = 2147483647;
			files = (
				F6E8A5BA263DB9AB00A243E8 /* DeveloperInfo.swift in Sources */,
				F6B723F2263DA95D00259916 /* DeveloperViewController.swift in Sources */,
				F6E7D118263FEEE000C544BD /* Hobby.swift in Sources */,
				F6E7D10F263FE3F900C544BD /* HobbyViewController.swift in Sources */,
				F6B723EE263DA95D00259916 /* AppDelegate.swift in Sources */,
				F6B723F0263DA95D00259916 /* SceneDelegate.swift in Sources */,
				F6E7D115263FE70100C544BD /* HobbyView.swift in Sources */,
			);
			runOnlyForDeploymentPostprocessing = 0;
		};
/* End PBXSourcesBuildPhase section */

/* Begin PBXVariantGroup section */
		F6B723F3263DA95D00259916 /* Main.storyboard */ = {
			isa = PBXVariantGroup;
			children = (
				F6B723F4263DA95D00259916 /* Base */,
			);
			name = Main.storyboard;
			sourceTree = "<group>";
		};
		F6B723F8263DA96000259916 /* LaunchScreen.storyboard */ = {
			isa = PBXVariantGroup;
			children = (
				F6B723F9263DA96000259916 /* Base */,
			);
			name = LaunchScreen.storyboard;
			sourceTree = "<group>";
		};
/* End PBXVariantGroup section */

/* Begin XCBuildConfiguration section */
		F6B723FC263DA96000259916 /* Debug */ = {
			isa = XCBuildConfiguration;
			buildSettings = {
				ALWAYS_SEARCH_USER_PATHS = NO;
				CLANG_ANALYZER_NONNULL = YES;
				CLANG_ANALYZER_NUMBER_OBJECT_CONVERSION = YES_AGGRESSIVE;
				CLANG_CXX_LANGUAGE_STANDARD = "gnu++14";
				CLANG_CXX_LIBRARY = "libc++";
				CLANG_ENABLE_MODULES = YES;
				CLANG_ENABLE_OBJC_ARC = YES;
				CLANG_ENABLE_OBJC_WEAK = YES;
				CLANG_WARN_BLOCK_CAPTURE_AUTORELEASING = YES;
				CLANG_WARN_BOOL_CONVERSION = YES;
				CLANG_WARN_COMMA = YES;
				CLANG_WARN_CONSTANT_CONVERSION = YES;
				CLANG_WARN_DEPRECATED_OBJC_IMPLEMENTATIONS = YES;
				CLANG_WARN_DIRECT_OBJC_ISA_USAGE = YES_ERROR;
				CLANG_WARN_DOCUMENTATION_COMMENTS = YES;
				CLANG_WARN_EMPTY_BODY = YES;
				CLANG_WARN_ENUM_CONVERSION = YES;
				CLANG_WARN_INFINITE_RECURSION = YES;
				CLANG_WARN_INT_CONVERSION = YES;
				CLANG_WARN_NON_LITERAL_NULL_CONVERSION = YES;
				CLANG_WARN_OBJC_IMPLICIT_RETAIN_SELF = YES;
				CLANG_WARN_OBJC_LITERAL_CONVERSION = YES;
				CLANG_WARN_OBJC_ROOT_CLASS = YES_ERROR;
				CLANG_WARN_QUOTED_INCLUDE_IN_FRAMEWORK_HEADER = YES;
				CLANG_WARN_RANGE_LOOP_ANALYSIS = YES;
				CLANG_WARN_STRICT_PROTOTYPES = YES;
				CLANG_WARN_SUSPICIOUS_MOVE = YES;
				CLANG_WARN_UNGUARDED_AVAILABILITY = YES_AGGRESSIVE;
				CLANG_WARN_UNREACHABLE_CODE = YES;
				CLANG_WARN__DUPLICATE_METHOD_MATCH = YES;
				COPY_PHASE_STRIP = NO;
				DEBUG_INFORMATION_FORMAT = dwarf;
				ENABLE_STRICT_OBJC_MSGSEND = YES;
				ENABLE_TESTABILITY = YES;
				GCC_C_LANGUAGE_STANDARD = gnu11;
				GCC_DYNAMIC_NO_PIC = NO;
				GCC_NO_COMMON_BLOCKS = YES;
				GCC_OPTIMIZATION_LEVEL = 0;
				GCC_PREPROCESSOR_DEFINITIONS = (
					"DEBUG=1",
					"$(inherited)",
				);
				GCC_WARN_64_TO_32_BIT_CONVERSION = YES;
				GCC_WARN_ABOUT_RETURN_TYPE = YES_ERROR;
				GCC_WARN_UNDECLARED_SELECTOR = YES;
				GCC_WARN_UNINITIALIZED_AUTOS = YES_AGGRESSIVE;
				GCC_WARN_UNUSED_FUNCTION = YES;
				GCC_WARN_UNUSED_VARIABLE = YES;
				IPHONEOS_DEPLOYMENT_TARGET = 14.4;
				MTL_ENABLE_DEBUG_INFO = INCLUDE_SOURCE;
				MTL_FAST_MATH = YES;
				ONLY_ACTIVE_ARCH = YES;
				SDKROOT = iphoneos;
				SWIFT_ACTIVE_COMPILATION_CONDITIONS = DEBUG;
				SWIFT_OPTIMIZATION_LEVEL = "-Onone";
			};
			name = Debug;
		};
		F6B723FD263DA96000259916 /* Release */ = {
			isa = XCBuildConfiguration;
			buildSettings = {
				ALWAYS_SEARCH_USER_PATHS = NO;
				CLANG_ANALYZER_NONNULL = YES;
				CLANG_ANALYZER_NUMBER_OBJECT_CONVERSION = YES_AGGRESSIVE;
				CLANG_CXX_LANGUAGE_STANDARD = "gnu++14";
				CLANG_CXX_LIBRARY = "libc++";
				CLANG_ENABLE_MODULES = YES;
				CLANG_ENABLE_OBJC_ARC = YES;
				CLANG_ENABLE_OBJC_WEAK = YES;
				CLANG_WARN_BLOCK_CAPTURE_AUTORELEASING = YES;
				CLANG_WARN_BOOL_CONVERSION = YES;
				CLANG_WARN_COMMA = YES;
				CLANG_WARN_CONSTANT_CONVERSION = YES;
				CLANG_WARN_DEPRECATED_OBJC_IMPLEMENTATIONS = YES;
				CLANG_WARN_DIRECT_OBJC_ISA_USAGE = YES_ERROR;
				CLANG_WARN_DOCUMENTATION_COMMENTS = YES;
				CLANG_WARN_EMPTY_BODY = YES;
				CLANG_WARN_ENUM_CONVERSION = YES;
				CLANG_WARN_INFINITE_RECURSION = YES;
				CLANG_WARN_INT_CONVERSION = YES;
				CLANG_WARN_NON_LITERAL_NULL_CONVERSION = YES;
				CLANG_WARN_OBJC_IMPLICIT_RETAIN_SELF = YES;
				CLANG_WARN_OBJC_LITERAL_CONVERSION = YES;
				CLANG_WARN_OBJC_ROOT_CLASS = YES_ERROR;
				CLANG_WARN_QUOTED_INCLUDE_IN_FRAMEWORK_HEADER = YES;
				CLANG_WARN_RANGE_LOOP_ANALYSIS = YES;
				CLANG_WARN_STRICT_PROTOTYPES = YES;
				CLANG_WARN_SUSPICIOUS_MOVE = YES;
				CLANG_WARN_UNGUARDED_AVAILABILITY = YES_AGGRESSIVE;
				CLANG_WARN_UNREACHABLE_CODE = YES;
				CLANG_WARN__DUPLICATE_METHOD_MATCH = YES;
				COPY_PHASE_STRIP = NO;
				DEBUG_INFORMATION_FORMAT = "dwarf-with-dsym";
				ENABLE_NS_ASSERTIONS = NO;
				ENABLE_STRICT_OBJC_MSGSEND = YES;
				GCC_C_LANGUAGE_STANDARD = gnu11;
				GCC_NO_COMMON_BLOCKS = YES;
				GCC_WARN_64_TO_32_BIT_CONVERSION = YES;
				GCC_WARN_ABOUT_RETURN_TYPE = YES_ERROR;
				GCC_WARN_UNDECLARED_SELECTOR = YES;
				GCC_WARN_UNINITIALIZED_AUTOS = YES_AGGRESSIVE;
				GCC_WARN_UNUSED_FUNCTION = YES;
				GCC_WARN_UNUSED_VARIABLE = YES;
				IPHONEOS_DEPLOYMENT_TARGET = 14.4;
				MTL_ENABLE_DEBUG_INFO = NO;
				MTL_FAST_MATH = YES;
				SDKROOT = iphoneos;
				SWIFT_COMPILATION_MODE = wholemodule;
				SWIFT_OPTIMIZATION_LEVEL = "-O";
				VALIDATE_PRODUCT = YES;
			};
			name = Release;
		};
		F6B723FF263DA96000259916 /* Debug */ = {
			isa = XCBuildConfiguration;
			baseConfigurationReference = 2E562A2B436E270E91140DF4 /* Pods-Autobiography.debug.xcconfig */;
			buildSettings = {
				ASSETCATALOG_COMPILER_APPICON_NAME = AppIcon;
				ASSETCATALOG_COMPILER_GLOBAL_ACCENT_COLOR_NAME = AccentColor;
				CODE_SIGN_STYLE = Automatic;
				DEVELOPMENT_TEAM = HD8574344G;
				INFOPLIST_FILE = Autobiography/Info.plist;
				LD_RUNPATH_SEARCH_PATHS = (
					"$(inherited)",
					"@executable_path/Frameworks",
				);
				PRODUCT_BUNDLE_IDENTIFIER = nikitagusev.Autobiography;
				PRODUCT_NAME = "$(TARGET_NAME)";
				SWIFT_VERSION = 5.0;
				TARGETED_DEVICE_FAMILY = "1,2";
			};
			name = Debug;
		};
		F6B72400263DA96000259916 /* Release */ = {
			isa = XCBuildConfiguration;
			baseConfigurationReference = 698BF16F2CDB7C7DF0127185 /* Pods-Autobiography.release.xcconfig */;
			buildSettings = {
				ASSETCATALOG_COMPILER_APPICON_NAME = AppIcon;
				ASSETCATALOG_COMPILER_GLOBAL_ACCENT_COLOR_NAME = AccentColor;
				CODE_SIGN_STYLE = Automatic;
				DEVELOPMENT_TEAM = HD8574344G;
				INFOPLIST_FILE = Autobiography/Info.plist;
				LD_RUNPATH_SEARCH_PATHS = (
					"$(inherited)",
					"@executable_path/Frameworks",
				);
				PRODUCT_BUNDLE_IDENTIFIER = nikitagusev.Autobiography;
				PRODUCT_NAME = "$(TARGET_NAME)";
				SWIFT_VERSION = 5.0;
				TARGETED_DEVICE_FAMILY = "1,2";
			};
			name = Release;
		};
/* End XCBuildConfiguration section */

/* Begin XCConfigurationList section */
		F6B723E5263DA95D00259916 /* Build configuration list for PBXProject "Autobiography" */ = {
			isa = XCConfigurationList;
			buildConfigurations = (
				F6B723FC263DA96000259916 /* Debug */,
				F6B723FD263DA96000259916 /* Release */,
			);
			defaultConfigurationIsVisible = 0;
			defaultConfigurationName = Release;
		};
		F6B723FE263DA96000259916 /* Build configuration list for PBXNativeTarget "Autobiography" */ = {
			isa = XCConfigurationList;
			buildConfigurations = (
				F6B723FF263DA96000259916 /* Debug */,
				F6B72400263DA96000259916 /* Release */,
			);
			defaultConfigurationIsVisible = 0;
			defaultConfigurationName = Release;
		};
/* End XCConfigurationList section */
	};
	rootObject = F6B723E2263DA95D00259916 /* Project object */;
}
